// !$*UTF8*$!
{
	archiveVersion = 1;
	classes = {
	};
	objectVersion = 50;
	objects = {

/* Begin PBXBuildFile section */
		D54F27CD2535444B00E89A59 /* AppDelegate.swift in Sources */ = {isa = PBXBuildFile; fileRef = D54F27CC2535444B00E89A59 /* AppDelegate.swift */; };
		D54F27CF2535444B00E89A59 /* SceneDelegate.swift in Sources */ = {isa = PBXBuildFile; fileRef = D54F27CE2535444B00E89A59 /* SceneDelegate.swift */; };
		D54F27D12535444B00E89A59 /* ViewController.swift in Sources */ = {isa = PBXBuildFile; fileRef = D54F27D02535444B00E89A59 /* ViewController.swift */; };
		D54F27D42535444B00E89A59 /* Main.storyboard in Resources */ = {isa = PBXBuildFile; fileRef = D54F27D22535444B00E89A59 /* Main.storyboard */; };
		D54F27D62535444B00E89A59 /* ContentView.swift in Sources */ = {isa = PBXBuildFile; fileRef = D54F27D52535444B00E89A59 /* ContentView.swift */; };
		D54F27D82535444D00E89A59 /* Assets.xcassets in Resources */ = {isa = PBXBuildFile; fileRef = D54F27D72535444D00E89A59 /* Assets.xcassets */; };
		D54F27DB2535444D00E89A59 /* LaunchScreen.storyboard in Resources */ = {isa = PBXBuildFile; fileRef = D54F27D92535444D00E89A59 /* LaunchScreen.storyboard */; };
		D54F27E62535444D00E89A59 /* TeamIOTests.swift in Sources */ = {isa = PBXBuildFile; fileRef = D54F27E52535444D00E89A59 /* TeamIOTests.swift */; };
		D54F27F12535444D00E89A59 /* TeamIOUITests.swift in Sources */ = {isa = PBXBuildFile; fileRef = D54F27F02535444D00E89A59 /* TeamIOUITests.swift */; };
		D54F2800253544D600E89A59 /* LoginScreenViewController.swift in Sources */ = {isa = PBXBuildFile; fileRef = D54F27FF253544D600E89A59 /* LoginScreenViewController.swift */; };
		D54F28032535453400E89A59 /* LoginScreenView.swift in Sources */ = {isa = PBXBuildFile; fileRef = D54F28022535453400E89A59 /* LoginScreenView.swift */; };
		D54F2806253545B300E89A59 /* Extensions.swift in Sources */ = {isa = PBXBuildFile; fileRef = D54F2805253545B300E89A59 /* Extensions.swift */; };
		D54F280825354B4E00E89A59 /* HomeScreenViewController.swift in Sources */ = {isa = PBXBuildFile; fileRef = D54F280725354B4E00E89A59 /* HomeScreenViewController.swift */; };
		D54F280A25354B6600E89A59 /* HomeScreenView.swift in Sources */ = {isa = PBXBuildFile; fileRef = D54F280925354B6600E89A59 /* HomeScreenView.swift */; };
		D554ADCE2536C6130001B199 /* YourDevicesCell.swift in Sources */ = {isa = PBXBuildFile; fileRef = D554ADCD2536C6130001B199 /* YourDevicesCell.swift */; };
		D554ADD02536CD1A0001B199 /* DevicesTableView.swift in Sources */ = {isa = PBXBuildFile; fileRef = D554ADCF2536CD1A0001B199 /* DevicesTableView.swift */; };
		D575268A2547CA0A004A2A84 /* DeviceHistoryController.swift in Sources */ = {isa = PBXBuildFile; fileRef = D57526892547CA0A004A2A84 /* DeviceHistoryController.swift */; };
		D575268C2547CAA1004A2A84 /* DeviceHistoryView.swift in Sources */ = {isa = PBXBuildFile; fileRef = D575268B2547CAA1004A2A84 /* DeviceHistoryView.swift */; };
		D57526902547D1FF004A2A84 /* DeviceHistoryTableView.swift in Sources */ = {isa = PBXBuildFile; fileRef = D575268F2547D1FF004A2A84 /* DeviceHistoryTableView.swift */; };
		D57526922547D292004A2A84 /* DeviceHistoryCell.swift in Sources */ = {isa = PBXBuildFile; fileRef = D57526912547D292004A2A84 /* DeviceHistoryCell.swift */; };
		D57526952547D8C3004A2A84 /* ForumScreenController.swift in Sources */ = {isa = PBXBuildFile; fileRef = D57526942547D8C3004A2A84 /* ForumScreenController.swift */; };
		D57526972547D8FB004A2A84 /* ForumSelectionView.swift in Sources */ = {isa = PBXBuildFile; fileRef = D57526962547D8FB004A2A84 /* ForumSelectionView.swift */; };
		D57526992547DAF7004A2A84 /* ForumTableView.swift in Sources */ = {isa = PBXBuildFile; fileRef = D57526982547DAF7004A2A84 /* ForumTableView.swift */; };
		D575269B2547DB57004A2A84 /* ForumCell.swift in Sources */ = {isa = PBXBuildFile; fileRef = D575269A2547DB57004A2A84 /* ForumCell.swift */; };
/* End PBXBuildFile section */

/* Begin PBXContainerItemProxy section */
		D54F27E22535444D00E89A59 /* PBXContainerItemProxy */ = {
			isa = PBXContainerItemProxy;
			containerPortal = D54F27C12535444B00E89A59 /* Project object */;
			proxyType = 1;
			remoteGlobalIDString = D54F27C82535444B00E89A59;
			remoteInfo = TeamIO;
		};
		D54F27ED2535444D00E89A59 /* PBXContainerItemProxy */ = {
			isa = PBXContainerItemProxy;
			containerPortal = D54F27C12535444B00E89A59 /* Project object */;
			proxyType = 1;
			remoteGlobalIDString = D54F27C82535444B00E89A59;
			remoteInfo = TeamIO;
		};
/* End PBXContainerItemProxy section */

/* Begin PBXFileReference section */
		D54F27C92535444B00E89A59 /* TeamIO.app */ = {isa = PBXFileReference; explicitFileType = wrapper.application; includeInIndex = 0; path = TeamIO.app; sourceTree = BUILT_PRODUCTS_DIR; };
		D54F27CC2535444B00E89A59 /* AppDelegate.swift */ = {isa = PBXFileReference; lastKnownFileType = sourcecode.swift; path = AppDelegate.swift; sourceTree = "<group>"; };
		D54F27CE2535444B00E89A59 /* SceneDelegate.swift */ = {isa = PBXFileReference; lastKnownFileType = sourcecode.swift; path = SceneDelegate.swift; sourceTree = "<group>"; };
		D54F27D02535444B00E89A59 /* ViewController.swift */ = {isa = PBXFileReference; lastKnownFileType = sourcecode.swift; path = ViewController.swift; sourceTree = "<group>"; };
		D54F27D32535444B00E89A59 /* Base */ = {isa = PBXFileReference; lastKnownFileType = file.storyboard; name = Base; path = Base.lproj/Main.storyboard; sourceTree = "<group>"; };
		D54F27D52535444B00E89A59 /* ContentView.swift */ = {isa = PBXFileReference; lastKnownFileType = sourcecode.swift; path = ContentView.swift; sourceTree = "<group>"; };
		D54F27D72535444D00E89A59 /* Assets.xcassets */ = {isa = PBXFileReference; lastKnownFileType = folder.assetcatalog; path = Assets.xcassets; sourceTree = "<group>"; };
		D54F27DA2535444D00E89A59 /* Base */ = {isa = PBXFileReference; lastKnownFileType = file.storyboard; name = Base; path = Base.lproj/LaunchScreen.storyboard; sourceTree = "<group>"; };
		D54F27DC2535444D00E89A59 /* Info.plist */ = {isa = PBXFileReference; lastKnownFileType = text.plist.xml; path = Info.plist; sourceTree = "<group>"; };
		D54F27E12535444D00E89A59 /* TeamIOTests.xctest */ = {isa = PBXFileReference; explicitFileType = wrapper.cfbundle; includeInIndex = 0; path = TeamIOTests.xctest; sourceTree = BUILT_PRODUCTS_DIR; };
		D54F27E52535444D00E89A59 /* TeamIOTests.swift */ = {isa = PBXFileReference; lastKnownFileType = sourcecode.swift; path = TeamIOTests.swift; sourceTree = "<group>"; };
		D54F27E72535444D00E89A59 /* Info.plist */ = {isa = PBXFileReference; lastKnownFileType = text.plist.xml; path = Info.plist; sourceTree = "<group>"; };
		D54F27EC2535444D00E89A59 /* TeamIOUITests.xctest */ = {isa = PBXFileReference; explicitFileType = wrapper.cfbundle; includeInIndex = 0; path = TeamIOUITests.xctest; sourceTree = BUILT_PRODUCTS_DIR; };
		D54F27F02535444D00E89A59 /* TeamIOUITests.swift */ = {isa = PBXFileReference; lastKnownFileType = sourcecode.swift; path = TeamIOUITests.swift; sourceTree = "<group>"; };
		D54F27F22535444D00E89A59 /* Info.plist */ = {isa = PBXFileReference; lastKnownFileType = text.plist.xml; path = Info.plist; sourceTree = "<group>"; };
		D54F27FF253544D600E89A59 /* LoginScreenViewController.swift */ = {isa = PBXFileReference; lastKnownFileType = sourcecode.swift; path = LoginScreenViewController.swift; sourceTree = "<group>"; };
		D54F28022535453400E89A59 /* LoginScreenView.swift */ = {isa = PBXFileReference; lastKnownFileType = sourcecode.swift; path = LoginScreenView.swift; sourceTree = "<group>"; };
		D54F2805253545B300E89A59 /* Extensions.swift */ = {isa = PBXFileReference; lastKnownFileType = sourcecode.swift; path = Extensions.swift; sourceTree = "<group>"; };
		D54F280725354B4E00E89A59 /* HomeScreenViewController.swift */ = {isa = PBXFileReference; lastKnownFileType = sourcecode.swift; path = HomeScreenViewController.swift; sourceTree = "<group>"; };
		D54F280925354B6600E89A59 /* HomeScreenView.swift */ = {isa = PBXFileReference; lastKnownFileType = sourcecode.swift; path = HomeScreenView.swift; sourceTree = "<group>"; };
		D554ADCD2536C6130001B199 /* YourDevicesCell.swift */ = {isa = PBXFileReference; lastKnownFileType = sourcecode.swift; path = YourDevicesCell.swift; sourceTree = "<group>"; };
		D554ADCF2536CD1A0001B199 /* DevicesTableView.swift */ = {isa = PBXFileReference; lastKnownFileType = sourcecode.swift; path = DevicesTableView.swift; sourceTree = "<group>"; };
		D57526892547CA0A004A2A84 /* DeviceHistoryController.swift */ = {isa = PBXFileReference; lastKnownFileType = sourcecode.swift; path = DeviceHistoryController.swift; sourceTree = "<group>"; };
		D575268B2547CAA1004A2A84 /* DeviceHistoryView.swift */ = {isa = PBXFileReference; lastKnownFileType = sourcecode.swift; path = DeviceHistoryView.swift; sourceTree = "<group>"; };
		D575268F2547D1FF004A2A84 /* DeviceHistoryTableView.swift */ = {isa = PBXFileReference; lastKnownFileType = sourcecode.swift; path = DeviceHistoryTableView.swift; sourceTree = "<group>"; };
		D57526912547D292004A2A84 /* DeviceHistoryCell.swift */ = {isa = PBXFileReference; lastKnownFileType = sourcecode.swift; path = DeviceHistoryCell.swift; sourceTree = "<group>"; };
		D57526942547D8C3004A2A84 /* ForumScreenController.swift */ = {isa = PBXFileReference; lastKnownFileType = sourcecode.swift; path = ForumScreenController.swift; sourceTree = "<group>"; };
		D57526962547D8FB004A2A84 /* ForumSelectionView.swift */ = {isa = PBXFileReference; lastKnownFileType = sourcecode.swift; path = ForumSelectionView.swift; sourceTree = "<group>"; };
		D57526982547DAF7004A2A84 /* ForumTableView.swift */ = {isa = PBXFileReference; lastKnownFileType = sourcecode.swift; path = ForumTableView.swift; sourceTree = "<group>"; };
		D575269A2547DB57004A2A84 /* ForumCell.swift */ = {isa = PBXFileReference; lastKnownFileType = sourcecode.swift; path = ForumCell.swift; sourceTree = "<group>"; };
/* End PBXFileReference section */

/* Begin PBXFrameworksBuildPhase section */
		D54F27C62535444B00E89A59 /* Frameworks */ = {
			isa = PBXFrameworksBuildPhase;
			buildActionMask = 2147483647;
			files = (
			);
			runOnlyForDeploymentPostprocessing = 0;
		};
		D54F27DE2535444D00E89A59 /* Frameworks */ = {
			isa = PBXFrameworksBuildPhase;
			buildActionMask = 2147483647;
			files = (
			);
			runOnlyForDeploymentPostprocessing = 0;
		};
		D54F27E92535444D00E89A59 /* Frameworks */ = {
			isa = PBXFrameworksBuildPhase;
			buildActionMask = 2147483647;
			files = (
			);
			runOnlyForDeploymentPostprocessing = 0;
		};
/* End PBXFrameworksBuildPhase section */

/* Begin PBXGroup section */
		D54F27C02535444B00E89A59 = {
			isa = PBXGroup;
			children = (
				D54F27CB2535444B00E89A59 /* TeamIO */,
				D54F27E42535444D00E89A59 /* TeamIOTests */,
				D54F27EF2535444D00E89A59 /* TeamIOUITests */,
				D54F27CA2535444B00E89A59 /* Products */,
			);
			sourceTree = "<group>";
		};
		D54F27CA2535444B00E89A59 /* Products */ = {
			isa = PBXGroup;
			children = (
				D54F27C92535444B00E89A59 /* TeamIO.app */,
				D54F27E12535444D00E89A59 /* TeamIOTests.xctest */,
				D54F27EC2535444D00E89A59 /* TeamIOUITests.xctest */,
			);
			name = Products;
			sourceTree = "<group>";
		};
		D54F27CB2535444B00E89A59 /* TeamIO */ = {
			isa = PBXGroup;
			children = (
				D54F2804253545A700E89A59 /* Utilities */,
				D54F28012535452000E89A59 /* Views */,
				D54F27FE253544C000E89A59 /* Controllers */,
				D54F27CC2535444B00E89A59 /* AppDelegate.swift */,
				D54F27CE2535444B00E89A59 /* SceneDelegate.swift */,
				D54F27D02535444B00E89A59 /* ViewController.swift */,
				D54F27D22535444B00E89A59 /* Main.storyboard */,
				D54F27D52535444B00E89A59 /* ContentView.swift */,
				D54F27D72535444D00E89A59 /* Assets.xcassets */,
				D54F27D92535444D00E89A59 /* LaunchScreen.storyboard */,
				D54F27DC2535444D00E89A59 /* Info.plist */,
			);
			path = TeamIO;
			sourceTree = "<group>";
		};
		D54F27E42535444D00E89A59 /* TeamIOTests */ = {
			isa = PBXGroup;
			children = (
				D54F27E52535444D00E89A59 /* TeamIOTests.swift */,
				D54F27E72535444D00E89A59 /* Info.plist */,
			);
			path = TeamIOTests;
			sourceTree = "<group>";
		};
		D54F27EF2535444D00E89A59 /* TeamIOUITests */ = {
			isa = PBXGroup;
			children = (
				D54F27F02535444D00E89A59 /* TeamIOUITests.swift */,
				D54F27F22535444D00E89A59 /* Info.plist */,
			);
			path = TeamIOUITests;
			sourceTree = "<group>";
		};
		D54F27FE253544C000E89A59 /* Controllers */ = {
			isa = PBXGroup;
			children = (
				D54F27FF253544D600E89A59 /* LoginScreenViewController.swift */,
				D54F280725354B4E00E89A59 /* HomeScreenViewController.swift */,
				D57526892547CA0A004A2A84 /* DeviceHistoryController.swift */,
				D57526942547D8C3004A2A84 /* ForumScreenController.swift */,
			);
			path = Controllers;
			sourceTree = "<group>";
		};
		D54F28012535452000E89A59 /* Views */ = {
			isa = PBXGroup;
			children = (
				D57526932547D8AD004A2A84 /* Forum Screen */,
				D575268E2547D1E6004A2A84 /* Device History */,
				D575268D2547D1C6004A2A84 /* Home Screen */,
				D54F28022535453400E89A59 /* LoginScreenView.swift */,
			);
			path = Views;
			sourceTree = "<group>";
		};
		D54F2804253545A700E89A59 /* Utilities */ = {
			isa = PBXGroup;
			children = (
				D54F2805253545B300E89A59 /* Extensions.swift */,
			);
			path = Utilities;
			sourceTree = "<group>";
		};
		D575268D2547D1C6004A2A84 /* Home Screen */ = {
			isa = PBXGroup;
			children = (
				D554ADCD2536C6130001B199 /* YourDevicesCell.swift */,
				D54F280925354B6600E89A59 /* HomeScreenView.swift */,
				D554ADCF2536CD1A0001B199 /* DevicesTableView.swift */,
			);
			path = "Home Screen";
			sourceTree = "<group>";
		};
		D575268E2547D1E6004A2A84 /* Device History */ = {
			isa = PBXGroup;
			children = (
				D575268B2547CAA1004A2A84 /* DeviceHistoryView.swift */,
				D575268F2547D1FF004A2A84 /* DeviceHistoryTableView.swift */,
				D57526912547D292004A2A84 /* DeviceHistoryCell.swift */,
			);
			path = "Device History";
			sourceTree = "<group>";
		};
		D57526932547D8AD004A2A84 /* Forum Screen */ = {
			isa = PBXGroup;
			children = (
				D57526962547D8FB004A2A84 /* ForumSelectionView.swift */,
				D57526982547DAF7004A2A84 /* ForumTableView.swift */,
				D575269A2547DB57004A2A84 /* ForumCell.swift */,
			);
			path = "Forum Screen";
			sourceTree = "<group>";
		};
/* End PBXGroup section */

/* Begin PBXNativeTarget section */
		D54F27C82535444B00E89A59 /* TeamIO */ = {
			isa = PBXNativeTarget;
			buildConfigurationList = D54F27F52535444D00E89A59 /* Build configuration list for PBXNativeTarget "TeamIO" */;
			buildPhases = (
				D54F27C52535444B00E89A59 /* Sources */,
				D54F27C62535444B00E89A59 /* Frameworks */,
				D54F27C72535444B00E89A59 /* Resources */,
			);
			buildRules = (
			);
			dependencies = (
			);
			name = TeamIO;
			productName = TeamIO;
			productReference = D54F27C92535444B00E89A59 /* TeamIO.app */;
			productType = "com.apple.product-type.application";
		};
		D54F27E02535444D00E89A59 /* TeamIOTests */ = {
			isa = PBXNativeTarget;
			buildConfigurationList = D54F27F82535444D00E89A59 /* Build configuration list for PBXNativeTarget "TeamIOTests" */;
			buildPhases = (
				D54F27DD2535444D00E89A59 /* Sources */,
				D54F27DE2535444D00E89A59 /* Frameworks */,
				D54F27DF2535444D00E89A59 /* Resources */,
			);
			buildRules = (
			);
			dependencies = (
				D54F27E32535444D00E89A59 /* PBXTargetDependency */,
			);
			name = TeamIOTests;
			productName = TeamIOTests;
			productReference = D54F27E12535444D00E89A59 /* TeamIOTests.xctest */;
			productType = "com.apple.product-type.bundle.unit-test";
		};
		D54F27EB2535444D00E89A59 /* TeamIOUITests */ = {
			isa = PBXNativeTarget;
			buildConfigurationList = D54F27FB2535444D00E89A59 /* Build configuration list for PBXNativeTarget "TeamIOUITests" */;
			buildPhases = (
				D54F27E82535444D00E89A59 /* Sources */,
				D54F27E92535444D00E89A59 /* Frameworks */,
				D54F27EA2535444D00E89A59 /* Resources */,
			);
			buildRules = (
			);
			dependencies = (
				D54F27EE2535444D00E89A59 /* PBXTargetDependency */,
			);
			name = TeamIOUITests;
			productName = TeamIOUITests;
			productReference = D54F27EC2535444D00E89A59 /* TeamIOUITests.xctest */;
			productType = "com.apple.product-type.bundle.ui-testing";
		};
/* End PBXNativeTarget section */

/* Begin PBXProject section */
		D54F27C12535444B00E89A59 /* Project object */ = {
			isa = PBXProject;
			attributes = {
				LastSwiftUpdateCheck = 1200;
				LastUpgradeCheck = 1200;
				TargetAttributes = {
					D54F27C82535444B00E89A59 = {
						CreatedOnToolsVersion = 12.0;
					};
					D54F27E02535444D00E89A59 = {
						CreatedOnToolsVersion = 12.0;
						TestTargetID = D54F27C82535444B00E89A59;
					};
					D54F27EB2535444D00E89A59 = {
						CreatedOnToolsVersion = 12.0;
						TestTargetID = D54F27C82535444B00E89A59;
					};
				};
			};
			buildConfigurationList = D54F27C42535444B00E89A59 /* Build configuration list for PBXProject "TeamIO" */;
			compatibilityVersion = "Xcode 9.3";
			developmentRegion = en;
			hasScannedForEncodings = 0;
			knownRegions = (
				en,
				Base,
			);
			mainGroup = D54F27C02535444B00E89A59;
			productRefGroup = D54F27CA2535444B00E89A59 /* Products */;
			projectDirPath = "";
			projectRoot = "";
			targets = (
				D54F27C82535444B00E89A59 /* TeamIO */,
				D54F27E02535444D00E89A59 /* TeamIOTests */,
				D54F27EB2535444D00E89A59 /* TeamIOUITests */,
			);
		};
/* End PBXProject section */

/* Begin PBXResourcesBuildPhase section */
		D54F27C72535444B00E89A59 /* Resources */ = {
			isa = PBXResourcesBuildPhase;
			buildActionMask = 2147483647;
			files = (
				D54F27DB2535444D00E89A59 /* LaunchScreen.storyboard in Resources */,
				D54F27D82535444D00E89A59 /* Assets.xcassets in Resources */,
				D54F27D42535444B00E89A59 /* Main.storyboard in Resources */,
			);
			runOnlyForDeploymentPostprocessing = 0;
		};
		D54F27DF2535444D00E89A59 /* Resources */ = {
			isa = PBXResourcesBuildPhase;
			buildActionMask = 2147483647;
			files = (
			);
			runOnlyForDeploymentPostprocessing = 0;
		};
		D54F27EA2535444D00E89A59 /* Resources */ = {
			isa = PBXResourcesBuildPhase;
			buildActionMask = 2147483647;
			files = (
			);
			runOnlyForDeploymentPostprocessing = 0;
		};
/* End PBXResourcesBuildPhase section */

/* Begin PBXSourcesBuildPhase section */
		D54F27C52535444B00E89A59 /* Sources */ = {
			isa = PBXSourcesBuildPhase;
			buildActionMask = 2147483647;
			files = (
				D54F27D12535444B00E89A59 /* ViewController.swift in Sources */,
				D54F280825354B4E00E89A59 /* HomeScreenViewController.swift in Sources */,
				D57526902547D1FF004A2A84 /* DeviceHistoryTableView.swift in Sources */,
				D57526952547D8C3004A2A84 /* ForumScreenController.swift in Sources */,
				D54F27CD2535444B00E89A59 /* AppDelegate.swift in Sources */,
				D57526972547D8FB004A2A84 /* ForumSelectionView.swift in Sources */,
				D554ADD02536CD1A0001B199 /* DevicesTableView.swift in Sources */,
				D54F280A25354B6600E89A59 /* HomeScreenView.swift in Sources */,
				D575269B2547DB57004A2A84 /* ForumCell.swift in Sources */,
				D54F27D62535444B00E89A59 /* ContentView.swift in Sources */,
				D57526922547D292004A2A84 /* DeviceHistoryCell.swift in Sources */,
				D575268A2547CA0A004A2A84 /* DeviceHistoryController.swift in Sources */,
				D575268C2547CAA1004A2A84 /* DeviceHistoryView.swift in Sources */,
				D54F2800253544D600E89A59 /* LoginScreenViewController.swift in Sources */,
				D54F28032535453400E89A59 /* LoginScreenView.swift in Sources */,
				D54F27CF2535444B00E89A59 /* SceneDelegate.swift in Sources */,
				D57526992547DAF7004A2A84 /* ForumTableView.swift in Sources */,
				D554ADCE2536C6130001B199 /* YourDevicesCell.swift in Sources */,
				D54F2806253545B300E89A59 /* Extensions.swift in Sources */,
			);
			runOnlyForDeploymentPostprocessing = 0;
		};
		D54F27DD2535444D00E89A59 /* Sources */ = {
			isa = PBXSourcesBuildPhase;
			buildActionMask = 2147483647;
			files = (
				D54F27E62535444D00E89A59 /* TeamIOTests.swift in Sources */,
			);
			runOnlyForDeploymentPostprocessing = 0;
		};
		D54F27E82535444D00E89A59 /* Sources */ = {
			isa = PBXSourcesBuildPhase;
			buildActionMask = 2147483647;
			files = (
				D54F27F12535444D00E89A59 /* TeamIOUITests.swift in Sources */,
			);
			runOnlyForDeploymentPostprocessing = 0;
		};
/* End PBXSourcesBuildPhase section */

/* Begin PBXTargetDependency section */
		D54F27E32535444D00E89A59 /* PBXTargetDependency */ = {
			isa = PBXTargetDependency;
			target = D54F27C82535444B00E89A59 /* TeamIO */;
			targetProxy = D54F27E22535444D00E89A59 /* PBXContainerItemProxy */;
		};
		D54F27EE2535444D00E89A59 /* PBXTargetDependency */ = {
			isa = PBXTargetDependency;
			target = D54F27C82535444B00E89A59 /* TeamIO */;
			targetProxy = D54F27ED2535444D00E89A59 /* PBXContainerItemProxy */;
		};
/* End PBXTargetDependency section */

/* Begin PBXVariantGroup section */
		D54F27D22535444B00E89A59 /* Main.storyboard */ = {
			isa = PBXVariantGroup;
			children = (
				D54F27D32535444B00E89A59 /* Base */,
			);
			name = Main.storyboard;
			sourceTree = "<group>";
		};
		D54F27D92535444D00E89A59 /* LaunchScreen.storyboard */ = {
			isa = PBXVariantGroup;
			children = (
				D54F27DA2535444D00E89A59 /* Base */,
			);
			name = LaunchScreen.storyboard;
			sourceTree = "<group>";
		};
/* End PBXVariantGroup section */

/* Begin XCBuildConfiguration section */
		D54F27F32535444D00E89A59 /* Debug */ = {
			isa = XCBuildConfiguration;
			buildSettings = {
				ALWAYS_SEARCH_USER_PATHS = NO;
				CLANG_ANALYZER_NONNULL = YES;
				CLANG_ANALYZER_NUMBER_OBJECT_CONVERSION = YES_AGGRESSIVE;
				CLANG_CXX_LANGUAGE_STANDARD = "gnu++14";
				CLANG_CXX_LIBRARY = "libc++";
				CLANG_ENABLE_MODULES = YES;
				CLANG_ENABLE_OBJC_ARC = YES;
				CLANG_ENABLE_OBJC_WEAK = YES;
				CLANG_WARN_BLOCK_CAPTURE_AUTORELEASING = YES;
				CLANG_WARN_BOOL_CONVERSION = YES;
				CLANG_WARN_COMMA = YES;
				CLANG_WARN_CONSTANT_CONVERSION = YES;
				CLANG_WARN_DEPRECATED_OBJC_IMPLEMENTATIONS = YES;
				CLANG_WARN_DIRECT_OBJC_ISA_USAGE = YES_ERROR;
				CLANG_WARN_DOCUMENTATION_COMMENTS = YES;
				CLANG_WARN_EMPTY_BODY = YES;
				CLANG_WARN_ENUM_CONVERSION = YES;
				CLANG_WARN_INFINITE_RECURSION = YES;
				CLANG_WARN_INT_CONVERSION = YES;
				CLANG_WARN_NON_LITERAL_NULL_CONVERSION = YES;
				CLANG_WARN_OBJC_IMPLICIT_RETAIN_SELF = YES;
				CLANG_WARN_OBJC_LITERAL_CONVERSION = YES;
				CLANG_WARN_OBJC_ROOT_CLASS = YES_ERROR;
				CLANG_WARN_QUOTED_INCLUDE_IN_FRAMEWORK_HEADER = YES;
				CLANG_WARN_RANGE_LOOP_ANALYSIS = YES;
				CLANG_WARN_STRICT_PROTOTYPES = YES;
				CLANG_WARN_SUSPICIOUS_MOVE = YES;
				CLANG_WARN_UNGUARDED_AVAILABILITY = YES_AGGRESSIVE;
				CLANG_WARN_UNREACHABLE_CODE = YES;
				CLANG_WARN__DUPLICATE_METHOD_MATCH = YES;
				COPY_PHASE_STRIP = NO;
				DEBUG_INFORMATION_FORMAT = dwarf;
				ENABLE_STRICT_OBJC_MSGSEND = YES;
				ENABLE_TESTABILITY = YES;
				GCC_C_LANGUAGE_STANDARD = gnu11;
				GCC_DYNAMIC_NO_PIC = NO;
				GCC_NO_COMMON_BLOCKS = YES;
				GCC_OPTIMIZATION_LEVEL = 0;
				GCC_PREPROCESSOR_DEFINITIONS = (
					"DEBUG=1",
					"$(inherited)",
				);
				GCC_WARN_64_TO_32_BIT_CONVERSION = YES;
				GCC_WARN_ABOUT_RETURN_TYPE = YES_ERROR;
				GCC_WARN_UNDECLARED_SELECTOR = YES;
				GCC_WARN_UNINITIALIZED_AUTOS = YES_AGGRESSIVE;
				GCC_WARN_UNUSED_FUNCTION = YES;
				GCC_WARN_UNUSED_VARIABLE = YES;
				IPHONEOS_DEPLOYMENT_TARGET = 14.0;
				MTL_ENABLE_DEBUG_INFO = INCLUDE_SOURCE;
				MTL_FAST_MATH = YES;
				ONLY_ACTIVE_ARCH = YES;
				SDKROOT = iphoneos;
				SWIFT_ACTIVE_COMPILATION_CONDITIONS = DEBUG;
				SWIFT_OPTIMIZATION_LEVEL = "-Onone";
			};
			name = Debug;
		};
		D54F27F42535444D00E89A59 /* Release */ = {
			isa = XCBuildConfiguration;
			buildSettings = {
				ALWAYS_SEARCH_USER_PATHS = NO;
				CLANG_ANALYZER_NONNULL = YES;
				CLANG_ANALYZER_NUMBER_OBJECT_CONVERSION = YES_AGGRESSIVE;
				CLANG_CXX_LANGUAGE_STANDARD = "gnu++14";
				CLANG_CXX_LIBRARY = "libc++";
				CLANG_ENABLE_MODULES = YES;
				CLANG_ENABLE_OBJC_ARC = YES;
				CLANG_ENABLE_OBJC_WEAK = YES;
				CLANG_WARN_BLOCK_CAPTURE_AUTORELEASING = YES;
				CLANG_WARN_BOOL_CONVERSION = YES;
				CLANG_WARN_COMMA = YES;
				CLANG_WARN_CONSTANT_CONVERSION = YES;
				CLANG_WARN_DEPRECATED_OBJC_IMPLEMENTATIONS = YES;
				CLANG_WARN_DIRECT_OBJC_ISA_USAGE = YES_ERROR;
				CLANG_WARN_DOCUMENTATION_COMMENTS = YES;
				CLANG_WARN_EMPTY_BODY = YES;
				CLANG_WARN_ENUM_CONVERSION = YES;
				CLANG_WARN_INFINITE_RECURSION = YES;
				CLANG_WARN_INT_CONVERSION = YES;
				CLANG_WARN_NON_LITERAL_NULL_CONVERSION = YES;
				CLANG_WARN_OBJC_IMPLICIT_RETAIN_SELF = YES;
				CLANG_WARN_OBJC_LITERAL_CONVERSION = YES;
				CLANG_WARN_OBJC_ROOT_CLASS = YES_ERROR;
				CLANG_WARN_QUOTED_INCLUDE_IN_FRAMEWORK_HEADER = YES;
				CLANG_WARN_RANGE_LOOP_ANALYSIS = YES;
				CLANG_WARN_STRICT_PROTOTYPES = YES;
				CLANG_WARN_SUSPICIOUS_MOVE = YES;
				CLANG_WARN_UNGUARDED_AVAILABILITY = YES_AGGRESSIVE;
				CLANG_WARN_UNREACHABLE_CODE = YES;
				CLANG_WARN__DUPLICATE_METHOD_MATCH = YES;
				COPY_PHASE_STRIP = NO;
				DEBUG_INFORMATION_FORMAT = "dwarf-with-dsym";
				ENABLE_NS_ASSERTIONS = NO;
				ENABLE_STRICT_OBJC_MSGSEND = YES;
				GCC_C_LANGUAGE_STANDARD = gnu11;
				GCC_NO_COMMON_BLOCKS = YES;
				GCC_WARN_64_TO_32_BIT_CONVERSION = YES;
				GCC_WARN_ABOUT_RETURN_TYPE = YES_ERROR;
				GCC_WARN_UNDECLARED_SELECTOR = YES;
				GCC_WARN_UNINITIALIZED_AUTOS = YES_AGGRESSIVE;
				GCC_WARN_UNUSED_FUNCTION = YES;
				GCC_WARN_UNUSED_VARIABLE = YES;
				IPHONEOS_DEPLOYMENT_TARGET = 14.0;
				MTL_ENABLE_DEBUG_INFO = NO;
				MTL_FAST_MATH = YES;
				SDKROOT = iphoneos;
				SWIFT_COMPILATION_MODE = wholemodule;
				SWIFT_OPTIMIZATION_LEVEL = "-O";
				VALIDATE_PRODUCT = YES;
			};
			name = Release;
		};
		D54F27F62535444D00E89A59 /* Debug */ = {
			isa = XCBuildConfiguration;
			buildSettings = {
				ASSETCATALOG_COMPILER_APPICON_NAME = AppIcon;
				ASSETCATALOG_COMPILER_GLOBAL_ACCENT_COLOR_NAME = AccentColor;
				CODE_SIGN_STYLE = Automatic;
				DEVELOPMENT_TEAM = 48M3H3QSX7;
				INFOPLIST_FILE = TeamIO/Info.plist;
				LD_RUNPATH_SEARCH_PATHS = (
					"$(inherited)",
					"@executable_path/Frameworks",
				);
				PRODUCT_BUNDLE_IDENTIFIER = ArihantJain.TeamIO;
				PRODUCT_NAME = "$(TARGET_NAME)";
				SWIFT_VERSION = 5.0;
				TARGETED_DEVICE_FAMILY = "1,2";
			};
			name = Debug;
		};
		D54F27F72535444D00E89A59 /* Release */ = {
			isa = XCBuildConfiguration;
			buildSettings = {
				ASSETCATALOG_COMPILER_APPICON_NAME = AppIcon;
				ASSETCATALOG_COMPILER_GLOBAL_ACCENT_COLOR_NAME = AccentColor;
				CODE_SIGN_STYLE = Automatic;
				DEVELOPMENT_TEAM = 48M3H3QSX7;
				INFOPLIST_FILE = TeamIO/Info.plist;
				LD_RUNPATH_SEARCH_PATHS = (
					"$(inherited)",
					"@executable_path/Frameworks",
				);
				PRODUCT_BUNDLE_IDENTIFIER = ArihantJain.TeamIO;
				PRODUCT_NAME = "$(TARGET_NAME)";
				SWIFT_VERSION = 5.0;
				TARGETED_DEVICE_FAMILY = "1,2";
			};
			name = Release;
		};
		D54F27F92535444D00E89A59 /* Debug */ = {
			isa = XCBuildConfiguration;
			buildSettings = {
				ALWAYS_EMBED_SWIFT_STANDARD_LIBRARIES = YES;
				BUNDLE_LOADER = "$(TEST_HOST)";
				CODE_SIGN_STYLE = Automatic;
				DEVELOPMENT_TEAM = 48M3H3QSX7;
				INFOPLIST_FILE = TeamIOTests/Info.plist;
				IPHONEOS_DEPLOYMENT_TARGET = 14.0;
				LD_RUNPATH_SEARCH_PATHS = (
					"$(inherited)",
					"@executable_path/Frameworks",
					"@loader_path/Frameworks",
				);
				PRODUCT_BUNDLE_IDENTIFIER = ArihantJain.TeamIOTests;
				PRODUCT_NAME = "$(TARGET_NAME)";
				SWIFT_VERSION = 5.0;
				TARGETED_DEVICE_FAMILY = "1,2";
				TEST_HOST = "$(BUILT_PRODUCTS_DIR)/TeamIO.app/TeamIO";
			};
			name = Debug;
		};
		D54F27FA2535444D00E89A59 /* Release */ = {
			isa = XCBuildConfiguration;
			buildSettings = {
				ALWAYS_EMBED_SWIFT_STANDARD_LIBRARIES = YES;
				BUNDLE_LOADER = "$(TEST_HOST)";
				CODE_SIGN_STYLE = Automatic;
				DEVELOPMENT_TEAM = 48M3H3QSX7;
				INFOPLIST_FILE = TeamIOTests/Info.plist;
				IPHONEOS_DEPLOYMENT_TARGET = 14.0;
				LD_RUNPATH_SEARCH_PATHS = (
					"$(inherited)",
					"@executable_path/Frameworks",
					"@loader_path/Frameworks",
				);
				PRODUCT_BUNDLE_IDENTIFIER = ArihantJain.TeamIOTests;
				PRODUCT_NAME = "$(TARGET_NAME)";
				SWIFT_VERSION = 5.0;
				TARGETED_DEVICE_FAMILY = "1,2";
				TEST_HOST = "$(BUILT_PRODUCTS_DIR)/TeamIO.app/TeamIO";
			};
			name = Release;
		};
		D54F27FC2535444D00E89A59 /* Debug */ = {
			isa = XCBuildConfiguration;
			buildSettings = {
				ALWAYS_EMBED_SWIFT_STANDARD_LIBRARIES = YES;
				CODE_SIGN_STYLE = Automatic;
				DEVELOPMENT_TEAM = 48M3H3QSX7;
				INFOPLIST_FILE = TeamIOUITests/Info.plist;
				LD_RUNPATH_SEARCH_PATHS = (
					"$(inherited)",
					"@executable_path/Frameworks",
					"@loader_path/Frameworks",
				);
				PRODUCT_BUNDLE_IDENTIFIER = ArihantJain.TeamIOUITests;
				PRODUCT_NAME = "$(TARGET_NAME)";
				SWIFT_VERSION = 5.0;
				TARGETED_DEVICE_FAMILY = "1,2";
				TEST_TARGET_NAME = TeamIO;
			};
			name = Debug;
		};
		D54F27FD2535444D00E89A59 /* Release */ = {
			isa = XCBuildConfiguration;
			buildSettings = {
				ALWAYS_EMBED_SWIFT_STANDARD_LIBRARIES = YES;
				CODE_SIGN_STYLE = Automatic;
				DEVELOPMENT_TEAM = 48M3H3QSX7;
				INFOPLIST_FILE = TeamIOUITests/Info.plist;
				LD_RUNPATH_SEARCH_PATHS = (
					"$(inherited)",
					"@executable_path/Frameworks",
					"@loader_path/Frameworks",
				);
				PRODUCT_BUNDLE_IDENTIFIER = ArihantJain.TeamIOUITests;
				PRODUCT_NAME = "$(TARGET_NAME)";
				SWIFT_VERSION = 5.0;
				TARGETED_DEVICE_FAMILY = "1,2";
				TEST_TARGET_NAME = TeamIO;
			};
			name = Release;
		};
/* End XCBuildConfiguration section */

/* Begin XCConfigurationList section */
		D54F27C42535444B00E89A59 /* Build configuration list for PBXProject "TeamIO" */ = {
			isa = XCConfigurationList;
			buildConfigurations = (
				D54F27F32535444D00E89A59 /* Debug */,
				D54F27F42535444D00E89A59 /* Release */,
			);
			defaultConfigurationIsVisible = 0;
			defaultConfigurationName = Release;
		};
		D54F27F52535444D00E89A59 /* Build configuration list for PBXNativeTarget "TeamIO" */ = {
			isa = XCConfigurationList;
			buildConfigurations = (
				D54F27F62535444D00E89A59 /* Debug */,
				D54F27F72535444D00E89A59 /* Release */,
			);
			defaultConfigurationIsVisible = 0;
			defaultConfigurationName = Release;
		};
		D54F27F82535444D00E89A59 /* Build configuration list for PBXNativeTarget "TeamIOTests" */ = {
			isa = XCConfigurationList;
			buildConfigurations = (
				D54F27F92535444D00E89A59 /* Debug */,
				D54F27FA2535444D00E89A59 /* Release */,
			);
			defaultConfigurationIsVisible = 0;
			defaultConfigurationName = Release;
		};
		D54F27FB2535444D00E89A59 /* Build configuration list for PBXNativeTarget "TeamIOUITests" */ = {
			isa = XCConfigurationList;
			buildConfigurations = (
				D54F27FC2535444D00E89A59 /* Debug */,
				D54F27FD2535444D00E89A59 /* Release */,
			);
			defaultConfigurationIsVisible = 0;
			defaultConfigurationName = Release;
		};
/* End XCConfigurationList section */
	};
	rootObject = D54F27C12535444B00E89A59 /* Project object */;
}
